
Microsoft Visual Studio Solution File, Format Version 12.00
# Visual Studio Version 16
VisualStudioVersion = 16.0.30011.22
MinimumVisualStudioVersion = 10.0.40219.1
Project("{FAE04EC0-301F-11D3-BF4B-00C04F79EFBC}") = "MobileAppServerTest", "MobileAppServerTest\MobileAppServerTest.csproj", "{73D8736A-12CA-4552-A3E5-090023E3A18D}"
	ProjectSection(ProjectDependencies) = postProject
		{D70A4664-CC13-442B-AB28-DCAC82E1C7A9} = {D70A4664-CC13-442B-AB28-DCAC82E1C7A9}
	EndProjectSection
EndProject
Project("{FAE04EC0-301F-11D3-BF4B-00C04F79EFBC}") = "SocketAppServer", "MobileAppServer\SocketAppServer.csproj", "{8E1334BB-C53B-4B0C-8239-9156251A3AAE}"
EndProject
Project("{FAE04EC0-301F-11D3-BF4B-00C04F79EFBC}") = "SocketAppServerClient", "MobileAppServerClient\SocketAppServerClient.csproj", "{D70A4664-CC13-442B-AB28-DCAC82E1C7A9}"
EndProject
Project("{9A19103F-16F7-4668-BE54-9A1E7A4F7556}") = "SocketAppServer.Standard", "SocketAppServer.Standard\SocketAppServer.Standard.csproj", "{947A305A-2092-4035-AECC-84149A3457F6}"
EndProject
Project("{9A19103F-16F7-4668-BE54-9A1E7A4F7556}") = "SocketAppServerClient.Standard", "SocketAppServerClient.Standard\SocketAppServerClient.Standard.csproj", "{A04C58E4-EACF-4947-88E5-7A3CFD81F59C}"
EndProject
Project("{2150E333-8FDC-42A3-9474-1A3956D46DE8}") = "Roadmap", "Roadmap", "{A68DC8C8-AD51-4C7C-96DA-C0874BE9C4BB}"
EndProject
Project("{2150E333-8FDC-42A3-9474-1A3956D46DE8}") = "TestProjects", "TestProjects", "{3493C73D-BF75-40F3-8E07-DC3E61A8A3FF}"
EndProject
Project("{9A19103F-16F7-4668-BE54-9A1E7A4F7556}") = "DefaultTestServer", "DefaultTestServer\DefaultTestServer.csproj", "{05F4F107-ACEA-4572-9A6A-A813AF712CAC}"
	ProjectSection(ProjectDependencies) = postProject
		{B444FC3E-49D9-47A7-9A18-7C5A927558AD} = {B444FC3E-49D9-47A7-9A18-7C5A927558AD}
		{947A305A-2092-4035-AECC-84149A3457F6} = {947A305A-2092-4035-AECC-84149A3457F6}
	EndProjectSection
EndProject
Project("{2150E333-8FDC-42A3-9474-1A3956D46DE8}") = "OfficialExtensions", "OfficialExtensions", "{3260EA04-1484-423E-B961-8690305A76AE}"
EndProject
Project("{9A19103F-16F7-4668-BE54-9A1E7A4F7556}") = "SocketAppServer.Extensions.ClientMaker", "SocketAppServer.Extensions.ClientMaker\SocketAppServer.Extensions.ClientMaker.csproj", "{B444FC3E-49D9-47A7-9A18-7C5A927558AD}"
EndProject
Project("{2150E333-8FDC-42A3-9474-1A3956D46DE8}") = "devtools", "devtools", "{AC851A1C-8D85-4605-8905-FB7B0B83B841}"
EndProject
Project("{9A19103F-16F7-4668-BE54-9A1E7A4F7556}") = "propagate", "propagate\propagate.csproj", "{EE244CFC-6459-48E1-9FD0-C87644CE17FF}"
EndProject
Project("{FAE04EC0-301F-11D3-BF4B-00C04F79EFBC}") = "NetFxTestServer", "NetFxTestServer\NetFxTestServer.csproj", "{CACDE2FD-0E31-4BFE-A459-73F671F7C625}"
EndProject
Project("{FAE04EC0-301F-11D3-BF4B-00C04F79EFBC}") = "ClientTest", "ClientTest\ClientTest.csproj", "{2A36411B-54C6-4F60-91F8-0BE58BFABEDE}"
EndProject
Project("{FAE04EC0-301F-11D3-BF4B-00C04F79EFBC}") = "AnAnyExtensionFromFile", "AnAnyExtensionFromFile\AnAnyExtensionFromFile.csproj", "{C421E7B9-A579-48EE-8CFD-0354C670EB0E}"
EndProject
Project("{FAE04EC0-301F-11D3-BF4B-00C04F79EFBC}") = "MobileAppServer.Extensions.HttpServer", "MobileAppServer.Extensions.HttpServer\MobileAppServer.Extensions.HttpServer.csproj", "{9C3E7D7E-BB49-4DDB-8C5D-5A48E767B930}"
EndProject
Global
	GlobalSection(SolutionConfigurationPlatforms) = preSolution
		Debug|Any CPU = Debug|Any CPU
		Release|Any CPU = Release|Any CPU
	EndGlobalSection
	GlobalSection(ProjectConfigurationPlatforms) = postSolution
		{73D8736A-12CA-4552-A3E5-090023E3A18D}.Debug|Any CPU.ActiveCfg = Debug|Any CPU
		{73D8736A-12CA-4552-A3E5-090023E3A18D}.Debug|Any CPU.Build.0 = Debug|Any CPU
		{73D8736A-12CA-4552-A3E5-090023E3A18D}.Release|Any CPU.ActiveCfg = Release|Any CPU
		{73D8736A-12CA-4552-A3E5-090023E3A18D}.Release|Any CPU.Build.0 = Release|Any CPU
		{8E1334BB-C53B-4B0C-8239-9156251A3AAE}.Debug|Any CPU.ActiveCfg = Debug|Any CPU
		{8E1334BB-C53B-4B0C-8239-9156251A3AAE}.Debug|Any CPU.Build.0 = Debug|Any CPU
		{8E1334BB-C53B-4B0C-8239-9156251A3AAE}.Release|Any CPU.ActiveCfg = Release|Any CPU
		{8E1334BB-C53B-4B0C-8239-9156251A3AAE}.Release|Any CPU.Build.0 = Release|Any CPU
		{D70A4664-CC13-442B-AB28-DCAC82E1C7A9}.Debug|Any CPU.ActiveCfg = Debug|Any CPU
		{D70A4664-CC13-442B-AB28-DCAC82E1C7A9}.Debug|Any CPU.Build.0 = Debug|Any CPU
		{D70A4664-CC13-442B-AB28-DCAC82E1C7A9}.Release|Any CPU.ActiveCfg = Release|Any CPU
		{D70A4664-CC13-442B-AB28-DCAC82E1C7A9}.Release|Any CPU.Build.0 = Release|Any CPU
		{947A305A-2092-4035-AECC-84149A3457F6}.Debug|Any CPU.ActiveCfg = Debug|Any CPU
		{947A305A-2092-4035-AECC-84149A3457F6}.Debug|Any CPU.Build.0 = Debug|Any CPU
		{947A305A-2092-4035-AECC-84149A3457F6}.Release|Any CPU.ActiveCfg = Release|Any CPU
		{947A305A-2092-4035-AECC-84149A3457F6}.Release|Any CPU.Build.0 = Release|Any CPU
		{A04C58E4-EACF-4947-88E5-7A3CFD81F59C}.Debug|Any CPU.ActiveCfg = Debug|Any CPU
		{A04C58E4-EACF-4947-88E5-7A3CFD81F59C}.Debug|Any CPU.Build.0 = Debug|Any CPU
		{A04C58E4-EACF-4947-88E5-7A3CFD81F59C}.Release|Any CPU.ActiveCfg = Release|Any CPU
		{A04C58E4-EACF-4947-88E5-7A3CFD81F59C}.Release|Any CPU.Build.0 = Release|Any CPU
		{05F4F107-ACEA-4572-9A6A-A813AF712CAC}.Debug|Any CPU.ActiveCfg = Debug|Any CPU
		{05F4F107-ACEA-4572-9A6A-A813AF712CAC}.Debug|Any CPU.Build.0 = Debug|Any CPU
		{05F4F107-ACEA-4572-9A6A-A813AF712CAC}.Release|Any CPU.ActiveCfg = Release|Any CPU
		{05F4F107-ACEA-4572-9A6A-A813AF712CAC}.Release|Any CPU.Build.0 = Release|Any CPU
		{B444FC3E-49D9-47A7-9A18-7C5A927558AD}.Debug|Any CPU.ActiveCfg = Debug|Any CPU
		{B444FC3E-49D9-47A7-9A18-7C5A927558AD}.Debug|Any CPU.Build.0 = Debug|Any CPU
		{B444FC3E-49D9-47A7-9A18-7C5A927558AD}.Release|Any CPU.ActiveCfg = Release|Any CPU
		{B444FC3E-49D9-47A7-9A18-7C5A927558AD}.Release|Any CPU.Build.0 = Release|Any CPU
		{EE244CFC-6459-48E1-9FD0-C87644CE17FF}.Debug|Any CPU.ActiveCfg = Debug|Any CPU
		{EE244CFC-6459-48E1-9FD0-C87644CE17FF}.Debug|Any CPU.Build.0 = Debug|Any CPU
		{EE244CFC-6459-48E1-9FD0-C87644CE17FF}.Release|Any CPU.ActiveCfg = Release|Any CPU
		{EE244CFC-6459-48E1-9FD0-C87644CE17FF}.Release|Any CPU.Build.0 = Release|Any CPU
		{CACDE2FD-0E31-4BFE-A459-73F671F7C625}.Debug|Any CPU.ActiveCfg = Debug|Any CPU
		{CACDE2FD-0E31-4BFE-A459-73F671F7C625}.Debug|Any CPU.Build.0 = Debug|Any CPU
		{CACDE2FD-0E31-4BFE-A459-73F671F7C625}.Release|Any CPU.ActiveCfg = Release|Any CPU
		{CACDE2FD-0E31-4BFE-A459-73F671F7C625}.Release|Any CPU.Build.0 = Release|Any CPU
		{2A36411B-54C6-4F60-91F8-0BE58BFABEDE}.Debug|Any CPU.ActiveCfg = Debug|Any CPU
		{2A36411B-54C6-4F60-91F8-0BE58BFABEDE}.Debug|Any CPU.Build.0 = Debug|Any CPU
		{2A36411B-54C6-4F60-91F8-0BE58BFABEDE}.Release|Any CPU.ActiveCfg = Release|Any CPU
		{2A36411B-54C6-4F60-91F8-0BE58BFABEDE}.Release|Any CPU.Build.0 = Release|Any CPU
		{C421E7B9-A579-48EE-8CFD-0354C670EB0E}.Debug|Any CPU.ActiveCfg = Debug|Any CPU
		{C421E7B9-A579-48EE-8CFD-0354C670EB0E}.Debug|Any CPU.Build.0 = Debug|Any CPU
		{C421E7B9-A579-48EE-8CFD-0354C670EB0E}.Release|Any CPU.ActiveCfg = Release|Any CPU
		{C421E7B9-A579-48EE-8CFD-0354C670EB0E}.Release|Any CPU.Build.0 = Release|Any CPU
		{9C3E7D7E-BB49-4DDB-8C5D-5A48E767B930}.Debug|Any CPU.ActiveCfg = Debug|Any CPU
		{9C3E7D7E-BB49-4DDB-8C5D-5A48E767B930}.Debug|Any CPU.Build.0 = Debug|Any CPU
		{9C3E7D7E-BB49-4DDB-8C5D-5A48E767B930}.Release|Any CPU.ActiveCfg = Release|Any CPU
		{9C3E7D7E-BB49-4DDB-8C5D-5A48E767B930}.Release|Any CPU.Build.0 = Release|Any CPU
	EndGlobalSection
	GlobalSection(SolutionProperties) = preSolution
		HideSolutionNode = FALSE
	EndGlobalSection
	GlobalSection(NestedProjects) = preSolution
		{73D8736A-12CA-4552-A3E5-090023E3A18D} = {A68DC8C8-AD51-4C7C-96DA-C0874BE9C4BB}
		{05F4F107-ACEA-4572-9A6A-A813AF712CAC} = {3493C73D-BF75-40F3-8E07-DC3E61A8A3FF}
		{B444FC3E-49D9-47A7-9A18-7C5A927558AD} = {3260EA04-1484-423E-B961-8690305A76AE}
		{EE244CFC-6459-48E1-9FD0-C87644CE17FF} = {AC851A1C-8D85-4605-8905-FB7B0B83B841}
		{CACDE2FD-0E31-4BFE-A459-73F671F7C625} = {3493C73D-BF75-40F3-8E07-DC3E61A8A3FF}
		{2A36411B-54C6-4F60-91F8-0BE58BFABEDE} = {3493C73D-BF75-40F3-8E07-DC3E61A8A3FF}
		{C421E7B9-A579-48EE-8CFD-0354C670EB0E} = {3493C73D-BF75-40F3-8E07-DC3E61A8A3FF}
		{9C3E7D7E-BB49-4DDB-8C5D-5A48E767B930} = {3260EA04-1484-423E-B961-8690305A76AE}
	EndGlobalSection
	GlobalSection(ExtensibilityGlobals) = postSolution
		SolutionGuid = {2DE951B6-022E-4CC6-B987-AB7590327349}
	EndGlobalSection
EndGlobal
