
Microsoft Visual Studio Solution File, Format Version 12.00
# Visual Studio Version 16
VisualStudioVersion = 16.0.30011.22
MinimumVisualStudioVersion = 10.0.40219.1
Project("{FAE04EC0-301F-11D3-BF4B-00C04F79EFBC}") = "MobileAppServerTest", "MobileAppServerTest\MobileAppServerTest.csproj", "{73D8736A-12CA-4552-A3E5-090023E3A18D}"
	ProjectSection(ProjectDependencies) = postProject
		{D70A4664-CC13-442B-AB28-DCAC82E1C7A9} = {D70A4664-CC13-442B-AB28-DCAC82E1C7A9}
	EndProjectSection
EndProject
Project("{FAE04EC0-301F-11D3-BF4B-00C04F79EFBC}") = "SocketAppServer", "MobileAppServer\SocketAppServer.csproj", "{8E1334BB-C53B-4B0C-8239-9156251A3AAE}"
EndProject
Project("{FAE04EC0-301F-11D3-BF4B-00C04F79EFBC}") = "MobileAppServerClient", "MobileAppServerClient\MobileAppServerClient.csproj", "{D70A4664-CC13-442B-AB28-DCAC82E1C7A9}"
EndProject
Project("{FAE04EC0-301F-11D3-BF4B-00C04F79EFBC}") = "ServerManager2", "ServerManager2\ServerManager2.csproj", "{E95E2EF8-AFD4-4F14-A05F-EA9C829A3D4A}"
EndProject
Global
	GlobalSection(SolutionConfigurationPlatforms) = preSolution
		Debug|Any CPU = Debug|Any CPU
		Release|Any CPU = Release|Any CPU
	EndGlobalSection
	GlobalSection(ProjectConfigurationPlatforms) = postSolution
		{73D8736A-12CA-4552-A3E5-090023E3A18D}.Debug|Any CPU.ActiveCfg = Debug|Any CPU
		{73D8736A-12CA-4552-A3E5-090023E3A18D}.Debug|Any CPU.Build.0 = Debug|Any CPU
		{73D8736A-12CA-4552-A3E5-090023E3A18D}.Release|Any CPU.ActiveCfg = Release|Any CPU
		{73D8736A-12CA-4552-A3E5-090023E3A18D}.Release|Any CPU.Build.0 = Release|Any CPU
		{8E1334BB-C53B-4B0C-8239-9156251A3AAE}.Debug|Any CPU.ActiveCfg = Debug|Any CPU
		{8E1334BB-C53B-4B0C-8239-9156251A3AAE}.Debug|Any CPU.Build.0 = Debug|Any CPU
		{8E1334BB-C53B-4B0C-8239-9156251A3AAE}.Release|Any CPU.ActiveCfg = Release|Any CPU
		{8E1334BB-C53B-4B0C-8239-9156251A3AAE}.Release|Any CPU.Build.0 = Release|Any CPU
		{D70A4664-CC13-442B-AB28-DCAC82E1C7A9}.Debug|Any CPU.ActiveCfg = Debug|Any CPU
		{D70A4664-CC13-442B-AB28-DCAC82E1C7A9}.Debug|Any CPU.Build.0 = Debug|Any CPU
		{D70A4664-CC13-442B-AB28-DCAC82E1C7A9}.Release|Any CPU.ActiveCfg = Release|Any CPU
		{D70A4664-CC13-442B-AB28-DCAC82E1C7A9}.Release|Any CPU.Build.0 = Release|Any CPU
		{E95E2EF8-AFD4-4F14-A05F-EA9C829A3D4A}.Debug|Any CPU.ActiveCfg = Debug|Any CPU
		{E95E2EF8-AFD4-4F14-A05F-EA9C829A3D4A}.Debug|Any CPU.Build.0 = Debug|Any CPU
		{E95E2EF8-AFD4-4F14-A05F-EA9C829A3D4A}.Release|Any CPU.ActiveCfg = Release|Any CPU
		{E95E2EF8-AFD4-4F14-A05F-EA9C829A3D4A}.Release|Any CPU.Build.0 = Release|Any CPU
	EndGlobalSection
	GlobalSection(SolutionProperties) = preSolution
		HideSolutionNode = FALSE
	EndGlobalSection
	GlobalSection(ExtensibilityGlobals) = postSolution
		SolutionGuid = {2DE951B6-022E-4CC6-B987-AB7590327349}
	EndGlobalSection
EndGlobal
